
Microsoft Visual Studio Solution File, Format Version 12.00
# Visual Studio Version 16
VisualStudioVersion = 16.0.31129.286
MinimumVisualStudioVersion = 10.0.40219.1
Project("{FAE04EC0-301F-11D3-BF4B-00C04F79EFBC}") = "MaiorDeTres", "MaiorDeTres\MaiorDeTres.csproj", "{0250E254-EB0B-41DD-B299-3DA5A6E967D6}"
EndProject
Global
	GlobalSection(SolutionConfigurationPlatforms) = preSolution
		Debug|Any CPU = Debug|Any CPU
		Release|Any CPU = Release|Any CPU
	EndGlobalSection
	GlobalSection(ProjectConfigurationPlatforms) = postSolution
		{0250E254-EB0B-41DD-B299-3DA5A6E967D6}.Debug|Any CPU.ActiveCfg = Debug|Any CPU
		{0250E254-EB0B-41DD-B299-3DA5A6E967D6}.Debug|Any CPU.Build.0 = Debug|Any CPU
		{0250E254-EB0B-41DD-B299-3DA5A6E967D6}.Release|Any CPU.ActiveCfg = Release|Any CPU
		{0250E254-EB0B-41DD-B299-3DA5A6E967D6}.Release|Any CPU.Build.0 = Release|Any CPU
	EndGlobalSection
	GlobalSection(SolutionProperties) = preSolution
		HideSolutionNode = FALSE
	EndGlobalSection
	GlobalSection(ExtensibilityGlobals) = postSolution
		SolutionGuid = {5E48C140-8E4B-4D47-957F-2A2E27628DB6}
	EndGlobalSection
EndGlobal
